PODS:
  - Capacitor (6.2.1):
    - CapacitorCordova
  - CapacitorApp (6.0.2):
    - Capacitor
  - CapacitorCordova (6.2.1)
  - CapacitorDevice (6.0.2):
    - Capacitor
  - CapacitorDialog (6.0.2):
    - Capacitor
  - CapacitorSplashScreen (6.0.3):
    - Capacitor

DEPENDENCIES:
  - "Capacitor (from `../../node_modules/@capacitor/ios`)"
  - "CapacitorApp (from `../../node_modules/@capacitor/app`)"
  - "CapacitorCordova (from `../../node_modules/@capacitor/ios`)"
  - "CapacitorDevice (from `../../node_modules/@capacitor/device`)"
  - "CapacitorDialog (from `../../node_modules/@capacitor/dialog`)"
  - "CapacitorSplashScreen (from `../../node_modules/@capacitor/splash-screen`)"

EXTERNAL SOURCES:
  Capacitor:
    :path: "../../node_modules/@capacitor/ios"
  CapacitorApp:
    :path: "../../node_modules/@capacitor/app"
  CapacitorCordova:
    :path: "../../node_modules/@capacitor/ios"
  CapacitorDevice:
    :path: "../../node_modules/@capacitor/device"
  CapacitorDialog:
    :path: "../../node_modules/@capacitor/dialog"
  CapacitorSplashScreen:
    :path: "../../node_modules/@capacitor/splash-screen"

SPEC CHECKSUMS:
  Capacitor: 1e0d0e7330dea9f983b50da737d8918abcf273f8
  CapacitorApp: 2a8c3a0b0814322e5e6e15fe595f02c3808f0f8b
  CapacitorCordova: 8d93e14982f440181be7304aa9559ca631d77fff
  CapacitorDevice: 1a215717f0b5061503b21a03508b0ec458a57d78
  CapacitorDialog: e966e2261e1c74a8a502e610dd66b4f97ec6fcca
  CapacitorSplashScreen: 68893659d77b5f82d753b3a70475082845e3039c

PODFILE CHECKSUM: 706dbd11d6dcf737101b09f87fd8d68035ca3dcc

COCOAPODS: 1.16.2
